
Microsoft Visual Studio Solution File, Format Version 12.00
# Visual Studio Version 16
VisualStudioVersion = 16.0.30804.86
MinimumVisualStudioVersion = 10.0.40219.1
Project("{FAE04EC0-301F-11D3-BF4B-00C04F79EFBC}") = "DotNetToolBox", "DotNetToolBox\DotNetToolBox.csproj", "{BA10F9C2-AD08-4096-99E0-98DE51CEAE26}"
EndProject
Project("{FAE04EC0-301F-11D3-BF4B-00C04F79EFBC}") = "DotNetToolBox.WPF", "DotNetToolBox.WPF\DotNetToolBox.WPF.csproj", "{1168C596-BCA5-4EC2-AFA2-1B6C272B3772}"
EndProject
Global
	GlobalSection(SolutionConfigurationPlatforms) = preSolution
		Debug|Any CPU = Debug|Any CPU
		Release|Any CPU = Release|Any CPU
	EndGlobalSection
	GlobalSection(ProjectConfigurationPlatforms) = postSolution
		{BA10F9C2-AD08-4096-99E0-98DE51CEAE26}.Debug|Any CPU.ActiveCfg = Debug|Any CPU
		{BA10F9C2-AD08-4096-99E0-98DE51CEAE26}.Debug|Any CPU.Build.0 = Debug|Any CPU
		{BA10F9C2-AD08-4096-99E0-98DE51CEAE26}.Release|Any CPU.ActiveCfg = Release|Any CPU
		{BA10F9C2-AD08-4096-99E0-98DE51CEAE26}.Release|Any CPU.Build.0 = Release|Any CPU
		{1168C596-BCA5-4EC2-AFA2-1B6C272B3772}.Debug|Any CPU.ActiveCfg = Debug|Any CPU
		{1168C596-BCA5-4EC2-AFA2-1B6C272B3772}.Debug|Any CPU.Build.0 = Debug|Any CPU
		{1168C596-BCA5-4EC2-AFA2-1B6C272B3772}.Release|Any CPU.ActiveCfg = Release|Any CPU
		{1168C596-BCA5-4EC2-AFA2-1B6C272B3772}.Release|Any CPU.Build.0 = Release|Any CPU
	EndGlobalSection
	GlobalSection(SolutionProperties) = preSolution
		HideSolutionNode = FALSE
	EndGlobalSection
	GlobalSection(ExtensibilityGlobals) = postSolution
		SolutionGuid = {87B1E35F-9C16-49C3-BF4B-C7226BAB1722}
	EndGlobalSection
EndGlobal
